{"SurveyEntry":{"SurveyID":"SV_1LVpVgTkuocYR8i","SurveyName":"IPIP-50 Testing","SurveyDescription":null,"SurveyOwnerID":"UR_094Udaskdedlk0u","SurveyBrandID":"nus","DivisionID":null,"SurveyLanguage":"EN","SurveyActiveResponseSet":"RS_cZVIQVOMnLnq1jo","SurveyStatus":"Inactive","SurveyStartDate":"0000-00-00 00:00:00","SurveyExpirationDate":"0000-00-00 00:00:00","SurveyCreationDate":"2023-02-06 00:49:47","CreatorID":"UR_094Udaskdedlk0u","LastModified":"2023-02-06 01:12:56","LastAccessed":"0000-00-00 00:00:00","LastActivated":"0000-00-00 00:00:00","Deleted":null},"SurveyElements":[{"SurveyID":"SV_1LVpVgTkuocYR8i","Element":"BL","PrimaryAttribute":"Survey Blocks","SecondaryAttribute":null,"TertiaryAttribute":null,"Payload":{"1":{"Type":"Trash","Description":"Trash \/ Unused Questions","ID":"BL_abioWVt5UIMXpMa","BlockElements":[]},"2":{"Type":"Standard","SubType":"","Description":"IPIP-50","ID":"BL_2i9PCiv6UAmLHFQ","BlockElements":[{"Type":"Question","QuestionID":"QID124702930"}],"Options":{"BlockLocking":false,"RandomizeQuestions":"false","BlockVisibility":"Expanded"}}}},{"SurveyID":"SV_1LVpVgTkuocYR8i","Element":"FL","PrimaryAttribute":"Survey Flow","SecondaryAttribute":null,"TertiaryAttribute":null,"Payload":{"Flow":[{"ID":"BL_2i9PCiv6UAmLHFQ","Type":"Standard","FlowID":"FL_3"}],"Properties":{"Count":3},"FlowID":"FL_1","Type":"Root"}},{"SurveyID":"SV_1LVpVgTkuocYR8i","Element":"PL","PrimaryAttribute":"Preview Link","SecondaryAttribute":null,"TertiaryAttribute":null,"Payload":{"PreviewType":"Brand","PreviewID":"3b7ba67d-f1d1-45af-b1a0-c0ec3f1bcd9b"}},{"SurveyID":"SV_1LVpVgTkuocYR8i","Element":"SO","PrimaryAttribute":"Survey Options","SecondaryAttribute":null,"TertiaryAttribute":null,"Payload":{"BackButton":"false","SaveAndContinue":"true","SurveyProtection":"PublicSurvey","BallotBoxStuffingPrevention":"false","NoIndex":"Yes","SecureResponseFiles":"true","SurveyExpiration":"None","SurveyTermination":"DefaultMessage","Header":"","Footer":"","ProgressBarDisplay":"None","PartialData":"+1 week","ValidationMessage":"","PreviousButton":"","NextButton":"","SurveyTitle":"Qualtrics Survey | Qualtrics Experience Management","SkinLibrary":"nus","SkinType":"templated","Skin":{"brandingId":null,"templateId":"*2014","overrides":null},"NewScoring":1,"SurveyMetaDescription":"The most powerful, simple and trusted way to gather experience data. Start your journey to experience management and try a free account today."}},{"SurveyID":"SV_1LVpVgTkuocYR8i","Element":"SCO","PrimaryAttribute":"Scoring","SecondaryAttribute":null,"TertiaryAttribute":null,"Payload":{"ScoringCategories":[],"ScoringCategoryGroups":[],"ScoringSummaryCategory":null,"ScoringSummaryAfterQuestions":0,"ScoringSummaryAfterSurvey":0,"DefaultScoringCategory":null,"AutoScoringCategory":null}},{"SurveyID":"SV_1LVpVgTkuocYR8i","Element":"PROJ","PrimaryAttribute":"CORE","SecondaryAttribute":null,"TertiaryAttribute":"1.1.0","Payload":{"ProjectCategory":"CORE","SchemaVersion":"1.1.0"}},{"SurveyID":"SV_1LVpVgTkuocYR8i","Element":"STAT","PrimaryAttribute":"Survey Statistics","SecondaryAttribute":null,"TertiaryAttribute":null,"Payload":{"MobileCompatible":true,"ID":"Survey Statistics"}},{"SurveyID":"SV_1LVpVgTkuocYR8i","Element":"QC","PrimaryAttribute":"Survey Question Count","SecondaryAttribute":"2","TertiaryAttribute":null,"Payload":null},{"SurveyID":"SV_1LVpVgTkuocYR8i","Element":"RS","PrimaryAttribute":"RS_cZVIQVOMnLnq1jo","SecondaryAttribute":"Default Response Set","TertiaryAttribute":null,"Payload":null},{"SurveyID":"SV_1LVpVgTkuocYR8i","Element":"SQ","PrimaryAttribute":"QID124702930","SecondaryAttribute":"Describe yourself as you generally are now, not as you wish to be in the future. Describe yoursel...","TertiaryAttribute":null,"Payload":{"QuestionText":"Describe yourself as you generally are now, not as you wish to be in the future. <br>Describe yourself as you honestly see yourself, in relation to other people you know of the same sex as you are, and roughly your same age.<br>So that you can describe yourself in an honest manner, your responses will be kept in absolute confidence. <br><br>Indicate for each statement whether it is 1. Very Inaccurate, 2. Moderately Inaccurate, 3. Neither Accurate Nor Inaccurate, 4. Moderately Accurate, or 5. Very Accurate as a description of you.<br>","DefaultChoices":false,"QuestionType":"Matrix","Selector":"Likert","SubSelector":"SingleAnswer","Configuration":{"QuestionDescriptionOption":"UseText","TextPosition":"inline","ChoiceColumnWidth":25,"RepeatHeaders":"both","MobileFirst":true,"WhiteSpace":"OFF"},"QuestionDescription":"Describe yourself as you generally are now, not as you wish to be in the future. Describe yoursel...","Choices":{"1":{"Display":"I am the life of the party."},"51":{"Display":"I feel little concern for others."},"52":{"Display":"I am always prepared."},"53":{"Display":"I get stressed out easily."},"54":{"Display":"I have a rich vocabulary."},"55":{"Display":"I don't talk a lot."},"56":{"Display":"I am interested in people."},"57":{"Display":"I leave my belongings around."},"58":{"Display":"I am relaxed most of the time."},"59":{"Display":"I have difficulty understanding abstract ideas."},"60":{"Display":"I feel comfortable around people."},"61":{"Display":"I Insult people."},"62":{"Display":"I pay attention to details."},"63":{"Display":"I worry about things."},"64":{"Display":"I have a vivid imagination."},"65":{"Display":"I keep in the background."},"66":{"Display":"I sympathize with others' feelings."},"67":{"Display":"I make a mess of things."},"68":{"Display":"I seldom feel blue."},"69":{"Display":"I am not interested in abstract ideas."},"70":{"Display":"I start conversations."},"71":{"Display":"I am not interested in other people's problems."},"72":{"Display":"I get chores done right away."},"73":{"Display":"I am easily disturbed."},"74":{"Display":"I have excellent ideas."},"75":{"Display":"I have little to say."},"76":{"Display":"I have a soft heart."},"77":{"Display":"I often forget to put things back in their proper place."},"78":{"Display":"I get upset easily."},"79":{"Display":"I do not have a good imagination."},"80":{"Display":"I talk to a lot of different people at parties."},"81":{"Display":"I am not really interested in others."},"82":{"Display":"I like order."},"83":{"Display":"I change my mood a lot."},"84":{"Display":"I am quick to understand things."},"85":{"Display":"I don't like to draw attention to myself."},"86":{"Display":"I take time out for others."},"87":{"Display":"I shirk my duties."},"88":{"Display":"I have frequent mood swings."},"89":{"Display":"I use difficult words."},"90":{"Display":"I don't mind being the center of attention."},"91":{"Display":"I feel others' emotions."},"92":{"Display":"I follow a schedule."},"93":{"Display":"I get irritated easily."},"94":{"Display":"I spend time reflecting on things."},"95":{"Display":"I am quiet around strangers."},"96":{"Display":"I make people feel at ease."},"97":{"Display":"I am exacting in my work."},"98":{"Display":"I often feel blue."},"99":{"Display":"I am full of ideas."}},"ChoiceOrder":["1","51","52","53","54","55","56","57","58","59","60","61","62","63","64","65","66","67","68","69","70","71","72","73","74","75","76","77","78","79","80","81","82","83","84","85","86","87","88","89","90","91","92","93","94","95","96","97","98","99"],"Validation":{"Settings":{"ForceResponse":"OFF","Type":"None"}},"GradingData":[],"Language":[],"NextChoiceId":100,"NextAnswerId":11,"Answers":{"6":{"Display":"Very Inaccurate"},"7":{"Display":"Moderately Inaccurate"},"8":{"Display":"Neither Accurate nor Inaccurate"},"9":{"Display":"Moderately Accurate"},"10":{"Display":"Very Accurate"}},"AnswerOrder":["6","7","8","9","10"],"ChoiceDataExportTags":false,"DataVisibility":{"Private":false,"Hidden":false},"QuestionText_Unsafe":"Describe yourself as you generally are now, not as you wish to be in the future. <br>Describe yourself as you honestly see yourself, in relation to other people you know of the same sex as you are, and roughly your same age.<br>So that you can describe yourself in an honest manner, your responses will be kept in absolute confidence. <br><br>Indicate for each statement whether it is 1. Very Inaccurate, 2. Moderately Inaccurate, 3. Neither Accurate Nor Inaccurate, 4. Moderately Accurate, or 5. Very Accurate as a description of you.<br>","DataExportTag":"IPIP-50","QuestionID":"QID124702930"}}]}